
Microsoft Visual Studio Solution File, Format Version 11.00
# Visual Studio 2010
Project("{FAE04EC0-301F-11D3-BF4B-00C04F79EFBC}") = "JsonCsharp", "JsonCsharp\JsonCsharp.csproj", "{0A5F0F49-6B86-4F37-A1A8-480DC5D70CEA}"
EndProject
Project("{FAE04EC0-301F-11D3-BF4B-00C04F79EFBC}") = "Test", "Test\Test.csproj", "{6CB91697-6BDB-41B5-943E-8986186218FF}"
EndProject
Global
	GlobalSection(SolutionConfigurationPlatforms) = preSolution
		Debug|Any CPU = Debug|Any CPU
		Release|Any CPU = Release|Any CPU
	EndGlobalSection
	GlobalSection(ProjectConfigurationPlatforms) = postSolution
		{0A5F0F49-6B86-4F37-A1A8-480DC5D70CEA}.Debug|Any CPU.ActiveCfg = Debug|Any CPU
		{0A5F0F49-6B86-4F37-A1A8-480DC5D70CEA}.Debug|Any CPU.Build.0 = Debug|Any CPU
		{0A5F0F49-6B86-4F37-A1A8-480DC5D70CEA}.Release|Any CPU.ActiveCfg = Release|Any CPU
		{0A5F0F49-6B86-4F37-A1A8-480DC5D70CEA}.Release|Any CPU.Build.0 = Release|Any CPU
		{6CB91697-6BDB-41B5-943E-8986186218FF}.Debug|Any CPU.ActiveCfg = Debug|Any CPU
		{6CB91697-6BDB-41B5-943E-8986186218FF}.Debug|Any CPU.Build.0 = Debug|Any CPU
		{6CB91697-6BDB-41B5-943E-8986186218FF}.Release|Any CPU.ActiveCfg = Release|Any CPU
		{6CB91697-6BDB-41B5-943E-8986186218FF}.Release|Any CPU.Build.0 = Release|Any CPU
	EndGlobalSection
	GlobalSection(MonoDevelopProperties) = preSolution
		StartupItem = JsonCsharp\JsonCsharp.csproj
		Policies = $0
		$0.DotNetNamingPolicy = $1
		$1.DirectoryNamespaceAssociation = None
		$1.ResourceNamePolicy = FileFormatDefault
	EndGlobalSection
	GlobalSection(SolutionProperties) = preSolution
		HideSolutionNode = FALSE
	EndGlobalSection
EndGlobal
